# This file is generated by running "yarn install" inside your project.
# Manual changes might be lost - proceed with caution!

__metadata:
  version: 6
  cacheKey: 8

"@emnapi/runtime@npm:^1.2.0":
  version: 1.3.1
  resolution: "@emnapi/runtime@npm:1.3.1"
  dependencies:
    tslib: ^2.4.0
  checksum: 9a16ae7905a9c0e8956cf1854ef74e5087fbf36739abdba7aa6b308485aafdc993da07c19d7af104cd5f8e425121120852851bb3a0f78e2160e420a36d47f42f
  languageName: node
  linkType: hard

"@emotion/is-prop-valid@npm:1.2.2":
  version: 1.2.2
  resolution: "@emotion/is-prop-valid@npm:1.2.2"
  dependencies:
    "@emotion/memoize": ^0.8.1
  checksum: 61f6b128ea62b9f76b47955057d5d86fcbe2a6989d2cd1e583daac592901a950475a37d049b9f7a7c6aa8758a33b408735db759fdedfd1f629df0f85ab60ea25
  languageName: node
  linkType: hard

"@emotion/memoize@npm:^0.8.1":
  version: 0.8.1
  resolution: "@emotion/memoize@npm:0.8.1"
  checksum: a19cc01a29fcc97514948eaab4dc34d8272e934466ed87c07f157887406bc318000c69ae6f813a9001c6a225364df04249842a50e692ef7a9873335fbcc141b0
  languageName: node
  linkType: hard

"@emotion/unitless@npm:0.8.1":
  version: 0.8.1
  resolution: "@emotion/unitless@npm:0.8.1"
  checksum: 385e21d184d27853bb350999471f00e1429fa4e83182f46cd2c164985999d9b46d558dc8b9cc89975cb337831ce50c31ac2f33b15502e85c299892e67e7b4a88
  languageName: node
  linkType: hard

"@img/sharp-darwin-arm64@npm:0.33.5":
  version: 0.33.5
  resolution: "@img/sharp-darwin-arm64@npm:0.33.5"
  dependencies:
    "@img/sharp-libvips-darwin-arm64": 1.0.4
  dependenciesMeta:
    "@img/sharp-libvips-darwin-arm64":
      optional: true
  conditions: os=darwin & cpu=arm64
  languageName: node
  linkType: hard

"@img/sharp-darwin-x64@npm:0.33.5":
  version: 0.33.5
  resolution: "@img/sharp-darwin-x64@npm:0.33.5"
  dependencies:
    "@img/sharp-libvips-darwin-x64": 1.0.4
  dependenciesMeta:
    "@img/sharp-libvips-darwin-x64":
      optional: true
  conditions: os=darwin & cpu=x64
  languageName: node
  linkType: hard

"@img/sharp-libvips-darwin-arm64@npm:1.0.4":
  version: 1.0.4
  resolution: "@img/sharp-libvips-darwin-arm64@npm:1.0.4"
  conditions: os=darwin & cpu=arm64
  languageName: node
  linkType: hard

"@img/sharp-libvips-darwin-x64@npm:1.0.4":
  version: 1.0.4
  resolution: "@img/sharp-libvips-darwin-x64@npm:1.0.4"
  conditions: os=darwin & cpu=x64
  languageName: node
  linkType: hard

"@img/sharp-libvips-linux-arm64@npm:1.0.4":
  version: 1.0.4
  resolution: "@img/sharp-libvips-linux-arm64@npm:1.0.4"
  conditions: os=linux & cpu=arm64 & libc=glibc
  languageName: node
  linkType: hard

"@img/sharp-libvips-linux-arm@npm:1.0.5":
  version: 1.0.5
  resolution: "@img/sharp-libvips-linux-arm@npm:1.0.5"
  conditions: os=linux & cpu=arm & libc=glibc
  languageName: node
  linkType: hard

"@img/sharp-libvips-linux-s390x@npm:1.0.4":
  version: 1.0.4
  resolution: "@img/sharp-libvips-linux-s390x@npm:1.0.4"
  conditions: os=linux & cpu=s390x & libc=glibc
  languageName: node
  linkType: hard

"@img/sharp-libvips-linux-x64@npm:1.0.4":
  version: 1.0.4
  resolution: "@img/sharp-libvips-linux-x64@npm:1.0.4"
  conditions: os=linux & cpu=x64 & libc=glibc
  languageName: node
  linkType: hard

"@img/sharp-libvips-linuxmusl-arm64@npm:1.0.4":
  version: 1.0.4
  resolution: "@img/sharp-libvips-linuxmusl-arm64@npm:1.0.4"
  conditions: os=linux & cpu=arm64 & libc=musl
  languageName: node
  linkType: hard

"@img/sharp-libvips-linuxmusl-x64@npm:1.0.4":
  version: 1.0.4
  resolution: "@img/sharp-libvips-linuxmusl-x64@npm:1.0.4"
  conditions: os=linux & cpu=x64 & libc=musl
  languageName: node
  linkType: hard

"@img/sharp-linux-arm64@npm:0.33.5":
  version: 0.33.5
  resolution: "@img/sharp-linux-arm64@npm:0.33.5"
  dependencies:
    "@img/sharp-libvips-linux-arm64": 1.0.4
  dependenciesMeta:
    "@img/sharp-libvips-linux-arm64":
      optional: true
  conditions: os=linux & cpu=arm64 & libc=glibc
  languageName: node
  linkType: hard

"@img/sharp-linux-arm@npm:0.33.5":
  version: 0.33.5
  resolution: "@img/sharp-linux-arm@npm:0.33.5"
  dependencies:
    "@img/sharp-libvips-linux-arm": 1.0.5
  dependenciesMeta:
    "@img/sharp-libvips-linux-arm":
      optional: true
  conditions: os=linux & cpu=arm & libc=glibc
  languageName: node
  linkType: hard

"@img/sharp-linux-s390x@npm:0.33.5":
  version: 0.33.5
  resolution: "@img/sharp-linux-s390x@npm:0.33.5"
  dependencies:
    "@img/sharp-libvips-linux-s390x": 1.0.4
  dependenciesMeta:
    "@img/sharp-libvips-linux-s390x":
      optional: true
  conditions: os=linux & cpu=s390x & libc=glibc
  languageName: node
  linkType: hard

"@img/sharp-linux-x64@npm:0.33.5":
  version: 0.33.5
  resolution: "@img/sharp-linux-x64@npm:0.33.5"
  dependencies:
    "@img/sharp-libvips-linux-x64": 1.0.4
  dependenciesMeta:
    "@img/sharp-libvips-linux-x64":
      optional: true
  conditions: os=linux & cpu=x64 & libc=glibc
  languageName: node
  linkType: hard

"@img/sharp-linuxmusl-arm64@npm:0.33.5":
  version: 0.33.5
  resolution: "@img/sharp-linuxmusl-arm64@npm:0.33.5"
  dependencies:
    "@img/sharp-libvips-linuxmusl-arm64": 1.0.4
  dependenciesMeta:
    "@img/sharp-libvips-linuxmusl-arm64":
      optional: true
  conditions: os=linux & cpu=arm64 & libc=musl
  languageName: node
  linkType: hard

"@img/sharp-linuxmusl-x64@npm:0.33.5":
  version: 0.33.5
  resolution: "@img/sharp-linuxmusl-x64@npm:0.33.5"
  dependencies:
    "@img/sharp-libvips-linuxmusl-x64": 1.0.4
  dependenciesMeta:
    "@img/sharp-libvips-linuxmusl-x64":
      optional: true
  conditions: os=linux & cpu=x64 & libc=musl
  languageName: node
  linkType: hard

"@img/sharp-wasm32@npm:0.33.5":
  version: 0.33.5
  resolution: "@img/sharp-wasm32@npm:0.33.5"
  dependencies:
    "@emnapi/runtime": ^1.2.0
  conditions: cpu=wasm32
  languageName: node
  linkType: hard

"@img/sharp-win32-ia32@npm:0.33.5":
  version: 0.33.5
  resolution: "@img/sharp-win32-ia32@npm:0.33.5"
  conditions: os=win32 & cpu=ia32
  languageName: node
  linkType: hard

"@img/sharp-win32-x64@npm:0.33.5":
  version: 0.33.5
  resolution: "@img/sharp-win32-x64@npm:0.33.5"
  conditions: os=win32 & cpu=x64
  languageName: node
  linkType: hard

"@next/env@npm:15.0.3":
  version: 15.0.3
  resolution: "@next/env@npm:15.0.3"
  checksum: 8a805f594f4da85f5070c1c0def8946e5c32620ac401b72f7cb5710db7a7fd1a085d23b40f3ea6c6ef7ef437d91c600786c7361c98ad83771e39d3a460aa30d4
  languageName: node
  linkType: hard

"@next/swc-darwin-arm64@npm:15.0.3":
  version: 15.0.3
  resolution: "@next/swc-darwin-arm64@npm:15.0.3"
  conditions: os=darwin & cpu=arm64
  languageName: node
  linkType: hard

"@next/swc-darwin-x64@npm:15.0.3":
  version: 15.0.3
  resolution: "@next/swc-darwin-x64@npm:15.0.3"
  conditions: os=darwin & cpu=x64
  languageName: node
  linkType: hard

"@next/swc-linux-arm64-gnu@npm:15.0.3":
  version: 15.0.3
  resolution: "@next/swc-linux-arm64-gnu@npm:15.0.3"
  conditions: os=linux & cpu=arm64 & libc=glibc
  languageName: node
  linkType: hard

"@next/swc-linux-arm64-musl@npm:15.0.3":
  version: 15.0.3
  resolution: "@next/swc-linux-arm64-musl@npm:15.0.3"
  conditions: os=linux & cpu=arm64 & libc=musl
  languageName: node
  linkType: hard

"@next/swc-linux-x64-gnu@npm:15.0.3":
  version: 15.0.3
  resolution: "@next/swc-linux-x64-gnu@npm:15.0.3"
  conditions: os=linux & cpu=x64 & libc=glibc
  languageName: node
  linkType: hard

"@next/swc-linux-x64-musl@npm:15.0.3":
  version: 15.0.3
  resolution: "@next/swc-linux-x64-musl@npm:15.0.3"
  conditions: os=linux & cpu=x64 & libc=musl
  languageName: node
  linkType: hard

"@next/swc-win32-arm64-msvc@npm:15.0.3":
  version: 15.0.3
  resolution: "@next/swc-win32-arm64-msvc@npm:15.0.3"
  conditions: os=win32 & cpu=arm64
  languageName: node
  linkType: hard

"@next/swc-win32-x64-msvc@npm:15.0.3":
  version: 15.0.3
  resolution: "@next/swc-win32-x64-msvc@npm:15.0.3"
  conditions: os=win32 & cpu=x64
  languageName: node
  linkType: hard

"@swc/counter@npm:0.1.3":
  version: 0.1.3
  resolution: "@swc/counter@npm:0.1.3"
  checksum: df8f9cfba9904d3d60f511664c70d23bb323b3a0803ec9890f60133954173047ba9bdeabce28cd70ba89ccd3fd6c71c7b0bd58be85f611e1ffbe5d5c18616598
  languageName: node
  linkType: hard

"@swc/helpers@npm:0.5.13":
  version: 0.5.13
  resolution: "@swc/helpers@npm:0.5.13"
  dependencies:
    tslib: ^2.4.0
  checksum: d50c2c10da6ef940af423c6b03ad9c3c94cf9de59314b1e921a7d1bcc081a6074481c9d67b655fc8fe66a73288f98b25950743792a63882bfb5793b362494fc0
  languageName: node
  linkType: hard

"@types/stylis@npm:4.2.5":
  version: 4.2.5
  resolution: "@types/stylis@npm:4.2.5"
  checksum: 24f91719db5569979e9e2f197e050ef82e1fd72474e8dc45bca38d48ee56481eae0f0d4a7ac172540d7774b45a2a78d901a4c6d07bba77a33dbccff464ea3edf
  languageName: node
  linkType: hard

"busboy@npm:1.6.0":
  version: 1.6.0
  resolution: "busboy@npm:1.6.0"
  dependencies:
    streamsearch: ^1.1.0
  checksum: 32801e2c0164e12106bf236291a00795c3c4e4b709ae02132883fe8478ba2ae23743b11c5735a0aae8afe65ac4b6ca4568b91f0d9fed1fdbc32ede824a73746e
  languageName: node
  linkType: hard

"camelize@npm:^1.0.0":
  version: 1.0.1
  resolution: "camelize@npm:1.0.1"
  checksum: 91d8611d09af725e422a23993890d22b2b72b4cabf7239651856950c76b4bf53fe0d0da7c5e4db05180e898e4e647220e78c9fbc976113bd96d603d1fcbfcb99
  languageName: node
  linkType: hard

"caniuse-lite@npm:^1.0.30001579":
  version: 1.0.30001680
  resolution: "caniuse-lite@npm:1.0.30001680"
  checksum: 2641d2b18c5ab0a6663cb350c5adc81e5ede1a7677d1c7518a8053ada87bf6f206419e1820a2608f76fa5e4f7bea327cbe47df423783e571569a88c0ea645270
  languageName: node
  linkType: hard

"client-only@npm:0.0.1":
  version: 0.0.1
  resolution: "client-only@npm:0.0.1"
  checksum: 0c16bf660dadb90610553c1d8946a7fdfb81d624adea073b8440b7d795d5b5b08beb3c950c6a2cf16279365a3265158a236876d92bce16423c485c322d7dfaf8
  languageName: node
  linkType: hard

"color-convert@npm:^2.0.1":
  version: 2.0.1
  resolution: "color-convert@npm:2.0.1"
  dependencies:
    color-name: ~1.1.4
  checksum: 79e6bdb9fd479a205c71d89574fccfb22bd9053bd98c6c4d870d65c132e5e904e6034978e55b43d69fcaa7433af2016ee203ce76eeba9cfa554b373e7f7db336
  languageName: node
  linkType: hard

"color-name@npm:^1.0.0, color-name@npm:~1.1.4":
  version: 1.1.4
  resolution: "color-name@npm:1.1.4"
  checksum: b0445859521eb4021cd0fb0cc1a75cecf67fceecae89b63f62b201cca8d345baf8b952c966862a9d9a2632987d4f6581f0ec8d957dfacece86f0a7919316f610
  languageName: node
  linkType: hard

"color-string@npm:^1.9.0":
  version: 1.9.1
  resolution: "color-string@npm:1.9.1"
  dependencies:
    color-name: ^1.0.0
    simple-swizzle: ^0.2.2
  checksum: c13fe7cff7885f603f49105827d621ce87f4571d78ba28ef4a3f1a104304748f620615e6bf065ecd2145d0d9dad83a3553f52bb25ede7239d18e9f81622f1cc5
  languageName: node
  linkType: hard

"color@npm:^4.2.3":
  version: 4.2.3
  resolution: "color@npm:4.2.3"
  dependencies:
    color-convert: ^2.0.1
    color-string: ^1.9.0
  checksum: 0579629c02c631b426780038da929cca8e8d80a40158b09811a0112a107c62e10e4aad719843b791b1e658ab4e800558f2e87ca4522c8b32349d497ecb6adeb4
  languageName: node
  linkType: hard

"css-color-keywords@npm:^1.0.0":
  version: 1.0.0
  resolution: "css-color-keywords@npm:1.0.0"
  checksum: 8f125e3ad477bd03c77b533044bd9e8a6f7c0da52d49bbc0bbe38327b3829d6ba04d368ca49dd9ff3b667d2fc8f1698d891c198bbf8feade1a5501bf5a296408
  languageName: node
  linkType: hard

"css-to-react-native@npm:3.2.0":
  version: 3.2.0
  resolution: "css-to-react-native@npm:3.2.0"
  dependencies:
    camelize: ^1.0.0
    css-color-keywords: ^1.0.0
    postcss-value-parser: ^4.0.2
  checksum: 263be65e805aef02c3f20c064665c998a8c35293e1505dbe6e3054fb186b01a9897ac6cf121f9840e5a9dfe3fb3994f6fcd0af84a865f1df78ba5bf89e77adce
  languageName: node
  linkType: hard

"csstype@npm:3.1.3":
  version: 3.1.3
  resolution: "csstype@npm:3.1.3"
  checksum: 8db785cc92d259102725b3c694ec0c823f5619a84741b5c7991b8ad135dfaa66093038a1cc63e03361a6cd28d122be48f2106ae72334e067dd619a51f49eddf7
  languageName: node
  linkType: hard

"detect-libc@npm:^2.0.3":
  version: 2.0.3
  resolution: "detect-libc@npm:2.0.3"
  checksum: 2ba6a939ae55f189aea996ac67afceb650413c7a34726ee92c40fb0deb2400d57ef94631a8a3f052055eea7efb0f99a9b5e6ce923415daa3e68221f963cfc27d
  languageName: node
  linkType: hard

"is-arrayish@npm:^0.3.1":
  version: 0.3.2
  resolution: "is-arrayish@npm:0.3.2"
  checksum: 977e64f54d91c8f169b59afcd80ff19227e9f5c791fa28fa2e5bce355cbaf6c2c356711b734656e80c9dd4a854dd7efcf7894402f1031dfc5de5d620775b4d5f
  languageName: node
  linkType: hard

"nanoid@npm:^3.3.6, nanoid@npm:^3.3.7":
  version: 3.3.7
  resolution: "nanoid@npm:3.3.7"
  bin:
    nanoid: bin/nanoid.cjs
  checksum: d36c427e530713e4ac6567d488b489a36582ef89da1d6d4e3b87eded11eb10d7042a877958c6f104929809b2ab0bafa17652b076cdf84324aa75b30b722204f2
  languageName: node
  linkType: hard

"next@npm:15.0.3":
  version: 15.0.3
  resolution: "next@npm:15.0.3"
  dependencies:
    "@next/env": 15.0.3
    "@next/swc-darwin-arm64": 15.0.3
    "@next/swc-darwin-x64": 15.0.3
    "@next/swc-linux-arm64-gnu": 15.0.3
    "@next/swc-linux-arm64-musl": 15.0.3
    "@next/swc-linux-x64-gnu": 15.0.3
    "@next/swc-linux-x64-musl": 15.0.3
    "@next/swc-win32-arm64-msvc": 15.0.3
    "@next/swc-win32-x64-msvc": 15.0.3
    "@swc/counter": 0.1.3
    "@swc/helpers": 0.5.13
    busboy: 1.6.0
    caniuse-lite: ^1.0.30001579
    postcss: 8.4.31
    sharp: ^0.33.5
    styled-jsx: 5.1.6
  peerDependencies:
    "@opentelemetry/api": ^1.1.0
    "@playwright/test": ^1.41.2
    babel-plugin-react-compiler: "*"
    react: ^18.2.0 || 19.0.0-rc-66855b96-20241106
    react-dom: ^18.2.0 || 19.0.0-rc-66855b96-20241106
    sass: ^1.3.0
  dependenciesMeta:
    "@next/swc-darwin-arm64":
      optional: true
    "@next/swc-darwin-x64":
      optional: true
    "@next/swc-linux-arm64-gnu":
      optional: true
    "@next/swc-linux-arm64-musl":
      optional: true
    "@next/swc-linux-x64-gnu":
      optional: true
    "@next/swc-linux-x64-musl":
      optional: true
    "@next/swc-win32-arm64-msvc":
      optional: true
    "@next/swc-win32-x64-msvc":
      optional: true
    sharp:
      optional: true
  peerDependenciesMeta:
    "@opentelemetry/api":
      optional: true
    "@playwright/test":
      optional: true
    babel-plugin-react-compiler:
      optional: true
    sass:
      optional: true
  bin:
    next: dist/bin/next
  checksum: 7c37c0fd05c4044fa89dabdac62a81de5300b387411cc9862341f45bd68da180cba7125ef6d2c3961e3409cbf8afd03b6c835cb4a6142c8988b5fc3741e72871
  languageName: node
  linkType: hard

"picocolors@npm:^1.0.0":
  version: 1.1.1
  resolution: "picocolors@npm:1.1.1"
  checksum: e1cf46bf84886c79055fdfa9dcb3e4711ad259949e3565154b004b260cd356c5d54b31a1437ce9782624bf766272fe6b0154f5f0c744fb7af5d454d2b60db045
  languageName: node
  linkType: hard

"postcss-value-parser@npm:^4.0.2":
  version: 4.2.0
  resolution: "postcss-value-parser@npm:4.2.0"
  checksum: 819ffab0c9d51cf0acbabf8996dffbfafbafa57afc0e4c98db88b67f2094cb44488758f06e5da95d7036f19556a4a732525e84289a425f4f6fd8e412a9d7442f
  languageName: node
  linkType: hard

"postcss@npm:8.4.31":
  version: 8.4.31
  resolution: "postcss@npm:8.4.31"
  dependencies:
    nanoid: ^3.3.6
    picocolors: ^1.0.0
    source-map-js: ^1.0.2
  checksum: 1d8611341b073143ad90486fcdfeab49edd243377b1f51834dc4f6d028e82ce5190e4f11bb2633276864503654fb7cab28e67abdc0fbf9d1f88cad4a0ff0beea
  languageName: node
  linkType: hard

"postcss@npm:8.4.38":
  version: 8.4.38
  resolution: "postcss@npm:8.4.38"
  dependencies:
    nanoid: ^3.3.7
    picocolors: ^1.0.0
    source-map-js: ^1.2.0
  checksum: 649f9e60a763ca4b5a7bbec446a069edf07f057f6d780a5a0070576b841538d1ecf7dd888f2fbfd1f76200e26c969e405aeeae66332e6927dbdc8bdcb90b9451
  languageName: node
  linkType: hard

"react-dom@npm:19.0.0-rc-66855b96-20241106":
  version: 19.0.0-rc-66855b96-20241106
  resolution: "react-dom@npm:19.0.0-rc-66855b96-20241106"
  dependencies:
    scheduler: 0.25.0-rc-66855b96-20241106
  peerDependencies:
    react: 19.0.0-rc-66855b96-20241106
  checksum: 25ea89c2f5cf13bfb410aac8a95d0323925992c27c1f1419504dbf875e56f1293de05cce932c75fc4971e8077208fc24b6840eaa891b8ab9a89b7acbfde42de5
  languageName: node
  linkType: hard

"react@npm:19.0.0-rc-66855b96-20241106":
  version: 19.0.0-rc-66855b96-20241106
  resolution: "react@npm:19.0.0-rc-66855b96-20241106"
  checksum: 13ef936f9988035e59eb3b25266108d0d045034c67c4328fc9014afbcfc1ccc1cf197604e4929c225314ef76946b695f514440a44fdb512ed38bf3624efae0f4
  languageName: node
  linkType: hard

"scheduler@npm:0.25.0-rc-66855b96-20241106":
  version: 0.25.0-rc-66855b96-20241106
  resolution: "scheduler@npm:0.25.0-rc-66855b96-20241106"
  checksum: 950c3714393c370c5628e3e2e581c2e5d3cb503260e9a1e00984b0631d3e18500fb57f80a9c45a034c54852670620c3c526a35d40073cb97b6f5f43f56d8c938
  languageName: node
  linkType: hard

"semver@npm:^7.6.3":
  version: 7.6.3
  resolution: "semver@npm:7.6.3"
  bin:
    semver: bin/semver.js
  checksum: 4110ec5d015c9438f322257b1c51fe30276e5f766a3f64c09edd1d7ea7118ecbc3f379f3b69032bacf13116dc7abc4ad8ce0d7e2bd642e26b0d271b56b61a7d8
  languageName: node
  linkType: hard

"shallowequal@npm:1.1.0":
  version: 1.1.0
  resolution: "shallowequal@npm:1.1.0"
  checksum: f4c1de0837f106d2dbbfd5d0720a5d059d1c66b42b580965c8f06bb1db684be8783538b684092648c981294bf817869f743a066538771dbecb293df78f765e00
  languageName: node
  linkType: hard

"sharp@npm:^0.33.5":
  version: 0.33.5
  resolution: "sharp@npm:0.33.5"
  dependencies:
    "@img/sharp-darwin-arm64": 0.33.5
    "@img/sharp-darwin-x64": 0.33.5
    "@img/sharp-libvips-darwin-arm64": 1.0.4
    "@img/sharp-libvips-darwin-x64": 1.0.4
    "@img/sharp-libvips-linux-arm": 1.0.5
    "@img/sharp-libvips-linux-arm64": 1.0.4
    "@img/sharp-libvips-linux-s390x": 1.0.4
    "@img/sharp-libvips-linux-x64": 1.0.4
    "@img/sharp-libvips-linuxmusl-arm64": 1.0.4
    "@img/sharp-libvips-linuxmusl-x64": 1.0.4
    "@img/sharp-linux-arm": 0.33.5
    "@img/sharp-linux-arm64": 0.33.5
    "@img/sharp-linux-s390x": 0.33.5
    "@img/sharp-linux-x64": 0.33.5
    "@img/sharp-linuxmusl-arm64": 0.33.5
    "@img/sharp-linuxmusl-x64": 0.33.5
    "@img/sharp-wasm32": 0.33.5
    "@img/sharp-win32-ia32": 0.33.5
    "@img/sharp-win32-x64": 0.33.5
    color: ^4.2.3
    detect-libc: ^2.0.3
    semver: ^7.6.3
  dependenciesMeta:
    "@img/sharp-darwin-arm64":
      optional: true
    "@img/sharp-darwin-x64":
      optional: true
    "@img/sharp-libvips-darwin-arm64":
      optional: true
    "@img/sharp-libvips-darwin-x64":
      optional: true
    "@img/sharp-libvips-linux-arm":
      optional: true
    "@img/sharp-libvips-linux-arm64":
      optional: true
    "@img/sharp-libvips-linux-s390x":
      optional: true
    "@img/sharp-libvips-linux-x64":
      optional: true
    "@img/sharp-libvips-linuxmusl-arm64":
      optional: true
    "@img/sharp-libvips-linuxmusl-x64":
      optional: true
    "@img/sharp-linux-arm":
      optional: true
    "@img/sharp-linux-arm64":
      optional: true
    "@img/sharp-linux-s390x":
      optional: true
    "@img/sharp-linux-x64":
      optional: true
    "@img/sharp-linuxmusl-arm64":
      optional: true
    "@img/sharp-linuxmusl-x64":
      optional: true
    "@img/sharp-wasm32":
      optional: true
    "@img/sharp-win32-ia32":
      optional: true
    "@img/sharp-win32-x64":
      optional: true
  checksum: 04beae89910ac65c5f145f88de162e8466bec67705f497ace128de849c24d168993e016f33a343a1f3c30b25d2a90c3e62b017a9a0d25452371556f6cd2471e4
  languageName: node
  linkType: hard

"simple-swizzle@npm:^0.2.2":
  version: 0.2.2
  resolution: "simple-swizzle@npm:0.2.2"
  dependencies:
    is-arrayish: ^0.3.1
  checksum: a7f3f2ab5c76c4472d5c578df892e857323e452d9f392e1b5cf74b74db66e6294a1e1b8b390b519fa1b96b5b613f2a37db6cffef52c3f1f8f3c5ea64eb2d54c0
  languageName: node
  linkType: hard

"source-map-js@npm:^1.0.2, source-map-js@npm:^1.2.0":
  version: 1.2.1
  resolution: "source-map-js@npm:1.2.1"
  checksum: 4eb0cd997cdf228bc253bcaff9340afeb706176e64868ecd20efbe6efea931465f43955612346d6b7318789e5265bdc419bc7669c1cebe3db0eb255f57efa76b
  languageName: node
  linkType: hard

"streamsearch@npm:^1.1.0":
  version: 1.1.0
  resolution: "streamsearch@npm:1.1.0"
  checksum: 1cce16cea8405d7a233d32ca5e00a00169cc0e19fbc02aa839959985f267335d435c07f96e5e0edd0eadc6d39c98d5435fb5bbbdefc62c41834eadc5622ad942
  languageName: node
  linkType: hard

"styled-components@npm:^6.1.13":
  version: 6.1.13
  resolution: "styled-components@npm:6.1.13"
  dependencies:
    "@emotion/is-prop-valid": 1.2.2
    "@emotion/unitless": 0.8.1
    "@types/stylis": 4.2.5
    css-to-react-native: 3.2.0
    csstype: 3.1.3
    postcss: 8.4.38
    shallowequal: 1.1.0
    stylis: 4.3.2
    tslib: 2.6.2
  peerDependencies:
    react: ">= 16.8.0"
    react-dom: ">= 16.8.0"
  checksum: cb836c5d4cc8d183f4b70a4a1b1aa13551c57389e9c8fe3286619eef9fc81466fee09c39a1c8b5aa03deb0e466e4d5ee04921f7d9f3b7afe4744e539e6047550
  languageName: node
  linkType: hard

"styled-jsx@npm:5.1.6":
  version: 5.1.6
  resolution: "styled-jsx@npm:5.1.6"
  dependencies:
    client-only: 0.0.1
  peerDependencies:
    react: ">= 16.8.0 || 17.x.x || ^18.0.0-0 || ^19.0.0-0"
  peerDependenciesMeta:
    "@babel/core":
      optional: true
    babel-plugin-macros:
      optional: true
  checksum: 879ad68e3e81adcf4373038aaafe55f968294955593660e173fbf679204aff158c59966716a60b29af72dc88795cfb2c479b6d2c3c87b2b2d282f3e27cc66461
  languageName: node
  linkType: hard

"stylis@npm:4.3.2":
  version: 4.3.2
  resolution: "stylis@npm:4.3.2"
  checksum: 0faa8a97ff38369f47354376cd9f0def9bf12846da54c28c5987f64aaf67dcb6f00dce88a8632013bfb823b2c4d1d62a44f4ac20363a3505a7ab4e21b70179fc
  languageName: node
  linkType: hard

"swiper@npm:^11.1.15":
  version: 11.1.15
  resolution: "swiper@npm:11.1.15"
  checksum: 2fd6d8ee4cfd27294614f8eec7e15ea440d6fcb40a9ca4c66b6b951931c880507bfceadbf3ea5556ddc18382112f38afec2a8b340a5ef4e4099f07fbdb86dbad
  languageName: node
  linkType: hard

"tslib@npm:2.6.2":
  version: 2.6.2
  resolution: "tslib@npm:2.6.2"
  checksum: 329ea56123005922f39642318e3d1f0f8265d1e7fcb92c633e0809521da75eeaca28d2cf96d7248229deb40e5c19adf408259f4b9640afd20d13aecc1430f3ad
  languageName: node
  linkType: hard

"tslib@npm:^2.4.0":
  version: 2.8.1
  resolution: "tslib@npm:2.8.1"
  checksum: e4aba30e632b8c8902b47587fd13345e2827fa639e7c3121074d5ee0880723282411a8838f830b55100cbe4517672f84a2472667d355b81e8af165a55dc6203a
  languageName: node
  linkType: hard

"war-tank@workspace:.":
  version: 0.0.0-use.local
  resolution: "war-tank@workspace:."
  dependencies:
    next: 15.0.3
    react: 19.0.0-rc-66855b96-20241106
    react-dom: 19.0.0-rc-66855b96-20241106
    styled-components: ^6.1.13
    swiper: ^11.1.15
  languageName: unknown
  linkType: soft
